
Microsoft Visual Studio Solution File, Format Version 12.00
# Visual Studio 15
VisualStudioVersion = 15.0.28010.2026
MinimumVisualStudioVersion = 10.0.40219.1
Project("{FAE04EC0-301F-11D3-BF4B-00C04F79EFBC}") = "SeleniumTutorial", "SeleniumTutorial\SeleniumTutorial.csproj", "{ACFF21F3-3546-4B94-9366-3EC42A8540DC}"
EndProject
Global
	GlobalSection(SolutionConfigurationPlatforms) = preSolution
		Debug|Any CPU = Debug|Any CPU
		Release|Any CPU = Release|Any CPU
	EndGlobalSection
	GlobalSection(ProjectConfigurationPlatforms) = postSolution
		{ACFF21F3-3546-4B94-9366-3EC42A8540DC}.Debug|Any CPU.ActiveCfg = Debug|Any CPU
		{ACFF21F3-3546-4B94-9366-3EC42A8540DC}.Debug|Any CPU.Build.0 = Debug|Any CPU
		{ACFF21F3-3546-4B94-9366-3EC42A8540DC}.Release|Any CPU.ActiveCfg = Release|Any CPU
		{ACFF21F3-3546-4B94-9366-3EC42A8540DC}.Release|Any CPU.Build.0 = Release|Any CPU
	EndGlobalSection
	GlobalSection(SolutionProperties) = preSolution
		HideSolutionNode = FALSE
	EndGlobalSection
	GlobalSection(ExtensibilityGlobals) = postSolution
		SolutionGuid = {E8591117-9032-43F8-A60B-F8E439AA394A}
	EndGlobalSection
EndGlobal
